<?xml version="1.0" encoding="UTF-8" standalone="yes" ?>
<CodeBlocks_project_file>
	<FileVersion major="1" minor="6" />
	<Project>
		<Option title="Flixel" />
		<Option pch_mode="2" />
		<Option compiler="gcc" />
		<Build>
			<Target title="Release">
				<Option output="lib\libflixel" prefix_auto="1" extension_auto="1" />
				<Option working_dir="" />
				<Option object_output="lib\obj" />
				<Option type="2" />
				<Option compiler="gcc" />
				<Option createDefFile="1" />
				<Compiler>
					<Add option="-DSFML_DYNAMIC" />
					<Add option="-DGLEW_STATIC" />
					<Add directory="include" />
				</Compiler>
				<Linker>
					<Add library="sfml-system" />
					<Add library="sfml-window" />
					<Add library="sfml-graphics" />
					<Add library="sfml-audio" />
					<Add library="sfml-network" />
					<Add library="sfml-main" />
					<Add library="opengl32" />
				</Linker>
			</Target>
		</Build>
		<Compiler>
			<Add option="-Wall" />
		</Compiler>
		<Unit filename="include\FlxAnim.h" />
		<Unit filename="include\FlxBackendBase.h" />
		<Unit filename="include\FlxBasic.h" />
		<Unit filename="include\FlxButton.h" />
		<Unit filename="include\FlxEmitter.h" />
		<Unit filename="include\FlxG.h" />
		<Unit filename="include\FlxGroup.h" />
		<Unit filename="include\FlxKey.h" />
		<Unit filename="include\FlxKeyboard.h" />
		<Unit filename="include\FlxMouse.h" />
		<Unit filename="include\FlxMusic.h" />
		<Unit filename="include\FlxObject.h" />
		<Unit filename="include\FlxParticle.h" />
		<Unit filename="include\FlxPreloader.h" />
		<Unit filename="include\FlxRect.h" />
		<Unit filename="include\FlxSave.h" />
		<Unit filename="include\FlxSound.h" />
		<Unit filename="include\FlxSprite.h" />
		<Unit filename="include\FlxState.h" />
		<Unit filename="include\FlxText.h" />
		<Unit filename="include\FlxTile.h" />
		<Unit filename="include\FlxTilemap.h" />
		<Unit filename="include\FlxU.h" />
		<Unit filename="include\FlxVector.h" />
		<Unit filename="include\FlxHttpRequest.h" />
		<Unit filename="include\FlxMouseHolder.h" />
		<Unit filename="include\FlxShader.h" />
		<Unit filename="include\FlxVirtualKeyboard.h" />
		<Unit filename="include\FlxPath.h" />
		<Unit filename="include\backend\BackendHolder.h" />
		<Unit filename="include\backend\cpp.h" />
		<Unit filename="include\tweener\CppTween.h" />
		<Unit filename="include\glew\glew.h" />
		<Unit filename="include\glew\glxew.h" />
		<Unit filename="include\glew\wglew.h" />
		<Unit filename="include\backend\sfml\Backend.h" />
		<Unit filename="src\FlxButton.cpp" />
		<Unit filename="src\FlxEmitter.cpp" />
		<Unit filename="src\FlxG.cpp" />
		<Unit filename="src\FlxGroup.cpp" />
		<Unit filename="src\FlxKeyboard.cpp" />
		<Unit filename="src\FlxMouse.cpp" />
		<Unit filename="src\FlxMusic.cpp" />
		<Unit filename="src\FlxObject.cpp" />
		<Unit filename="src\FlxPreloader.cpp" />
		<Unit filename="src\FlxSave.cpp" />
		<Unit filename="src\FlxSound.cpp" />
		<Unit filename="src\FlxSprite.cpp" />
		<Unit filename="src\FlxText.cpp" />
		<Unit filename="src\FlxTilemap.cpp" />
		<Unit filename="src\FlxHttpRequest.cpp" />
		<Unit filename="src\FlxMouseHolder.cpp" />
		<Unit filename="src\FlxShader.cpp" />
		<Unit filename="src\FlxU.cpp" />
		<Unit filename="src\PathFinder.inl" />
		<Unit filename="src\FlxVirtualKeyboard.cpp" />
		<Unit filename="src\tweener\CppTween.cpp" />
		<Unit filename="src\backend\sfml\Backend.cpp" />
		<Unit filename="src\glew\glew.c">
			<Option compilerVar="CC" />
		</Unit>
		<Extensions>
			<code_completion />
			<debugger />
		</Extensions>
	</Project>
</CodeBlocks_project_file>
